{
  "name": "SoloReact",
  "version": "1.0.0",
  "lockfileVersion": 1,
  "requires": true,
  "dependencies": {
    "brew": {
      "version": "0.0.8",
      "resolved": "https://registry.npmjs.org/brew/-/brew-0.0.8.tgz",
      "integrity": "sha1-BBiEDvFSbw61MB7THyKEjXFiTG8="
    },
    "flow": {
      "version": "0.2.3",
      "resolved": "https://registry.npmjs.org/flow/-/flow-0.2.3.tgz",
      "integrity": "sha1-+Npl76JJEn7Jk3aiiJZXKpeV0a8="
    },
    "node": {
      "version": "13.13.0",
      "resolved": "https://registry.npmjs.org/node/-/node-13.13.0.tgz",
      "integrity": "sha512-Ptccrn5A3D3EEZ4xTC9HNhCro2KzCF1j6rCgeczFFe1A6Y0HclzbRHw0OxsEjAZcgvmgzN3OIxZpAIkkNe8LTw==",
      "requires": {
        "node-bin-setup": "^1.0.0"
      }
    },
    "node-bin-setup": {
      "version": "1.0.6",
      "resolved": "https://registry.npmjs.org/node-bin-setup/-/node-bin-setup-1.0.6.tgz",
      "integrity": "sha512-uPIxXNis1CRbv1DwqAxkgBk5NFV3s7cMN/Gf556jSw6jBvV7ca4F9lRL/8cALcZecRibeqU+5dFYqFFmzv5a0Q=="
    },
    "watchman": {
      "version": "1.0.0",
      "resolved": "https://registry.npmjs.org/watchman/-/watchman-1.0.0.tgz",
      "integrity": "sha512-f7sP6DSVQzNUAXIBctvYyJyq6/j/FtWoEn6yh/Ot/E14a3am7JMH0tygWt6iE+T+DT+BNOUAT3hM/gZ7W9Ycmw=="
    }
  }
}
